// !$*UTF8*$!
{
	archiveVersion = 1;
	classes = {
	};
	objectVersion = 55;
	objects = {

/* Begin PBXBuildFile section */
		110F5A5227A908CE00965C5E /* AppDelegate.swift in Sources */ = {isa = PBXBuildFile; fileRef = 110F5A5127A908CE00965C5E /* AppDelegate.swift */; };
		110F5A5427A908CE00965C5E /* SceneDelegate.swift in Sources */ = {isa = PBXBuildFile; fileRef = 110F5A5327A908CE00965C5E /* SceneDelegate.swift */; };
		110F5A5627A908CE00965C5E /* ViewController.swift in Sources */ = {isa = PBXBuildFile; fileRef = 110F5A5527A908CE00965C5E /* ViewController.swift */; };
		110F5A5927A908CE00965C5E /* Main.storyboard in Resources */ = {isa = PBXBuildFile; fileRef = 110F5A5727A908CE00965C5E /* Main.storyboard */; };
		110F5A5B27A908CF00965C5E /* Assets.xcassets in Resources */ = {isa = PBXBuildFile; fileRef = 110F5A5A27A908CF00965C5E /* Assets.xcassets */; };
		110F5A5E27A908CF00965C5E /* LaunchScreen.storyboard in Resources */ = {isa = PBXBuildFile; fileRef = 110F5A5C27A908CF00965C5E /* LaunchScreen.storyboard */; };
		110F5A7C27A90E8700965C5E /* A.wav in Resources */ = {isa = PBXBuildFile; fileRef = 110F5A7527A90E8700965C5E /* A.wav */; };
		110F5A7D27A90E8700965C5E /* C.wav in Resources */ = {isa = PBXBuildFile; fileRef = 110F5A7627A90E8700965C5E /* C.wav */; };
		110F5A7E27A90E8700965C5E /* B.wav in Resources */ = {isa = PBXBuildFile; fileRef = 110F5A7727A90E8700965C5E /* B.wav */; };
		110F5A7F27A90E8700965C5E /* F.wav in Resources */ = {isa = PBXBuildFile; fileRef = 110F5A7827A90E8700965C5E /* F.wav */; };
		110F5A8027A90E8700965C5E /* G.wav in Resources */ = {isa = PBXBuildFile; fileRef = 110F5A7927A90E8700965C5E /* G.wav */; };
		110F5A8127A90E8700965C5E /* E.wav in Resources */ = {isa = PBXBuildFile; fileRef = 110F5A7A27A90E8700965C5E /* E.wav */; };
		110F5A8227A90E8700965C5E /* D.wav in Resources */ = {isa = PBXBuildFile; fileRef = 110F5A7B27A90E8700965C5E /* D.wav */; };
		110F5A8427A9314100965C5E /* README.md in Resources */ = {isa = PBXBuildFile; fileRef = 110F5A8327A9314100965C5E /* README.md */; };
		110F5A8727A93C1A00965C5E /* iPhone.png in Resources */ = {isa = PBXBuildFile; fileRef = 110F5A8627A93C1A00965C5E /* iPhone.png */; };
		110F5A8927A93E8900965C5E /* iPad.png in Resources */ = {isa = PBXBuildFile; fileRef = 110F5A8827A93E8900965C5E /* iPad.png */; };
/* End PBXBuildFile section */

/* Begin PBXFileReference section */
		110F5A4E27A908CE00965C5E /* Xylophone In Swift.app */ = {isa = PBXFileReference; explicitFileType = wrapper.application; includeInIndex = 0; path = "Xylophone In Swift.app"; sourceTree = BUILT_PRODUCTS_DIR; };
		110F5A5127A908CE00965C5E /* AppDelegate.swift */ = {isa = PBXFileReference; lastKnownFileType = sourcecode.swift; path = AppDelegate.swift; sourceTree = "<group>"; };
		110F5A5327A908CE00965C5E /* SceneDelegate.swift */ = {isa = PBXFileReference; lastKnownFileType = sourcecode.swift; path = SceneDelegate.swift; sourceTree = "<group>"; };
		110F5A5527A908CE00965C5E /* ViewController.swift */ = {isa = PBXFileReference; lastKnownFileType = sourcecode.swift; path = ViewController.swift; sourceTree = "<group>"; };
		110F5A5827A908CE00965C5E /* Base */ = {isa = PBXFileReference; lastKnownFileType = file.storyboard; name = Base; path = Base.lproj/Main.storyboard; sourceTree = "<group>"; };
		110F5A5A27A908CF00965C5E /* Assets.xcassets */ = {isa = PBXFileReference; lastKnownFileType = folder.assetcatalog; path = Assets.xcassets; sourceTree = "<group>"; };
		110F5A5D27A908CF00965C5E /* Base */ = {isa = PBXFileReference; lastKnownFileType = file.storyboard; name = Base; path = Base.lproj/LaunchScreen.storyboard; sourceTree = "<group>"; };
		110F5A5F27A908CF00965C5E /* Info.plist */ = {isa = PBXFileReference; lastKnownFileType = text.plist.xml; path = Info.plist; sourceTree = "<group>"; };
		110F5A7527A90E8700965C5E /* A.wav */ = {isa = PBXFileReference; lastKnownFileType = audio.wav; path = A.wav; sourceTree = "<group>"; };
		110F5A7627A90E8700965C5E /* C.wav */ = {isa = PBXFileReference; lastKnownFileType = audio.wav; path = C.wav; sourceTree = "<group>"; };
		110F5A7727A90E8700965C5E /* B.wav */ = {isa = PBXFileReference; lastKnownFileType = audio.wav; path = B.wav; sourceTree = "<group>"; };
		110F5A7827A90E8700965C5E /* F.wav */ = {isa = PBXFileReference; lastKnownFileType = audio.wav; path = F.wav; sourceTree = "<group>"; };
		110F5A7927A90E8700965C5E /* G.wav */ = {isa = PBXFileReference; lastKnownFileType = audio.wav; path = G.wav; sourceTree = "<group>"; };
		110F5A7A27A90E8700965C5E /* E.wav */ = {isa = PBXFileReference; lastKnownFileType = audio.wav; path = E.wav; sourceTree = "<group>"; };
		110F5A7B27A90E8700965C5E /* D.wav */ = {isa = PBXFileReference; lastKnownFileType = audio.wav; path = D.wav; sourceTree = "<group>"; };
		110F5A8327A9314100965C5E /* README.md */ = {isa = PBXFileReference; lastKnownFileType = net.daringfireball.markdown; path = README.md; sourceTree = "<group>"; };
		110F5A8627A93C1A00965C5E /* iPhone.png */ = {isa = PBXFileReference; lastKnownFileType = image.png; path = iPhone.png; sourceTree = "<group>"; };
		110F5A8827A93E8900965C5E /* iPad.png */ = {isa = PBXFileReference; lastKnownFileType = image.png; path = iPad.png; sourceTree = "<group>"; };
/* End PBXFileReference section */

/* Begin PBXFrameworksBuildPhase section */
		110F5A4B27A908CE00965C5E /* Frameworks */ = {
			isa = PBXFrameworksBuildPhase;
			buildActionMask = 2147483647;
			files = (
			);
			runOnlyForDeploymentPostprocessing = 0;
		};
/* End PBXFrameworksBuildPhase section */

/* Begin PBXGroup section */
		110F5A4527A908CD00965C5E = {
			isa = PBXGroup;
			children = (
				110F5A8527A93BFD00965C5E /* Screenshots */,
				110F5A8327A9314100965C5E /* README.md */,
				110F5A5027A908CE00965C5E /* Xylophone In Swift */,
				110F5A4F27A908CE00965C5E /* Products */,
			);
			sourceTree = "<group>";
		};
		110F5A4F27A908CE00965C5E /* Products */ = {
			isa = PBXGroup;
			children = (
				110F5A4E27A908CE00965C5E /* Xylophone In Swift.app */,
			);
			name = Products;
			sourceTree = "<group>";
		};
		110F5A5027A908CE00965C5E /* Xylophone In Swift */ = {
			isa = PBXGroup;
			children = (
				110F5A7427A90E8700965C5E /* Sounds */,
				110F5A5127A908CE00965C5E /* AppDelegate.swift */,
				110F5A5327A908CE00965C5E /* SceneDelegate.swift */,
				110F5A5527A908CE00965C5E /* ViewController.swift */,
				110F5A5727A908CE00965C5E /* Main.storyboard */,
				110F5A5A27A908CF00965C5E /* Assets.xcassets */,
				110F5A5C27A908CF00965C5E /* LaunchScreen.storyboard */,
				110F5A5F27A908CF00965C5E /* Info.plist */,
			);
			path = "Xylophone In Swift";
			sourceTree = "<group>";
		};
		110F5A7427A90E8700965C5E /* Sounds */ = {
			isa = PBXGroup;
			children = (
				110F5A7527A90E8700965C5E /* A.wav */,
				110F5A7627A90E8700965C5E /* C.wav */,
				110F5A7727A90E8700965C5E /* B.wav */,
				110F5A7827A90E8700965C5E /* F.wav */,
				110F5A7927A90E8700965C5E /* G.wav */,
				110F5A7A27A90E8700965C5E /* E.wav */,
				110F5A7B27A90E8700965C5E /* D.wav */,
			);
			path = Sounds;
			sourceTree = "<group>";
		};
		110F5A8527A93BFD00965C5E /* Screenshots */ = {
			isa = PBXGroup;
			children = (
				110F5A8827A93E8900965C5E /* iPad.png */,
				110F5A8627A93C1A00965C5E /* iPhone.png */,
			);
			path = Screenshots;
			sourceTree = "<group>";
		};
/* End PBXGroup section */

/* Begin PBXNativeTarget section */
		110F5A4D27A908CE00965C5E /* Xylophone In Swift */ = {
			isa = PBXNativeTarget;
			buildConfigurationList = 110F5A6227A908CF00965C5E /* Build configuration list for PBXNativeTarget "Xylophone In Swift" */;
			buildPhases = (
				110F5A4A27A908CE00965C5E /* Sources */,
				110F5A4B27A908CE00965C5E /* Frameworks */,
				110F5A4C27A908CE00965C5E /* Resources */,
			);
			buildRules = (
			);
			dependencies = (
			);
			name = "Xylophone In Swift";
			productName = "Xylophone In Swift";
			productReference = 110F5A4E27A908CE00965C5E /* Xylophone In Swift.app */;
			productType = "com.apple.product-type.application";
		};
/* End PBXNativeTarget section */

/* Begin PBXProject section */
		110F5A4627A908CD00965C5E /* Project object */ = {
			isa = PBXProject;
			attributes = {
				BuildIndependentTargetsInParallel = 1;
				LastSwiftUpdateCheck = 1320;
				LastUpgradeCheck = 1320;
				TargetAttributes = {
					110F5A4D27A908CE00965C5E = {
						CreatedOnToolsVersion = 13.2.1;
					};
				};
			};
			buildConfigurationList = 110F5A4927A908CD00965C5E /* Build configuration list for PBXProject "Xylophone In Swift" */;
			compatibilityVersion = "Xcode 13.0";
			developmentRegion = en;
			hasScannedForEncodings = 0;
			knownRegions = (
				en,
				Base,
			);
			mainGroup = 110F5A4527A908CD00965C5E;
			productRefGroup = 110F5A4F27A908CE00965C5E /* Products */;
			projectDirPath = "";
			projectRoot = "";
			targets = (
				110F5A4D27A908CE00965C5E /* Xylophone In Swift */,
			);
		};
/* End PBXProject section */

/* Begin PBXResourcesBuildPhase section */
		110F5A4C27A908CE00965C5E /* Resources */ = {
			isa = PBXResourcesBuildPhase;
			buildActionMask = 2147483647;
			files = (
				110F5A8027A90E8700965C5E /* G.wav in Resources */,
				110F5A5E27A908CF00965C5E /* LaunchScreen.storyboard in Resources */,
				110F5A7F27A90E8700965C5E /* F.wav in Resources */,
				110F5A5B27A908CF00965C5E /* Assets.xcassets in Resources */,
				110F5A7C27A90E8700965C5E /* A.wav in Resources */,
				110F5A7E27A90E8700965C5E /* B.wav in Resources */,
				110F5A8127A90E8700965C5E /* E.wav in Resources */,
				110F5A8927A93E8900965C5E /* iPad.png in Resources */,
				110F5A8227A90E8700965C5E /* D.wav in Resources */,
				110F5A8727A93C1A00965C5E /* iPhone.png in Resources */,
				110F5A5927A908CE00965C5E /* Main.storyboard in Resources */,
				110F5A8427A9314100965C5E /* README.md in Resources */,
				110F5A7D27A90E8700965C5E /* C.wav in Resources */,
			);
			runOnlyForDeploymentPostprocessing = 0;
		};
/* End PBXResourcesBuildPhase section */

/* Begin PBXSourcesBuildPhase section */
		110F5A4A27A908CE00965C5E /* Sources */ = {
			isa = PBXSourcesBuildPhase;
			buildActionMask = 2147483647;
			files = (
				110F5A5627A908CE00965C5E /* ViewController.swift in Sources */,
				110F5A5227A908CE00965C5E /* AppDelegate.swift in Sources */,
				110F5A5427A908CE00965C5E /* SceneDelegate.swift in Sources */,
			);
			runOnlyForDeploymentPostprocessing = 0;
		};
/* End PBXSourcesBuildPhase section */

/* Begin PBXVariantGroup section */
		110F5A5727A908CE00965C5E /* Main.storyboard */ = {
			isa = PBXVariantGroup;
			children = (
				110F5A5827A908CE00965C5E /* Base */,
			);
			name = Main.storyboard;
			sourceTree = "<group>";
		};
		110F5A5C27A908CF00965C5E /* LaunchScreen.storyboard */ = {
			isa = PBXVariantGroup;
			children = (
				110F5A5D27A908CF00965C5E /* Base */,
			);
			name = LaunchScreen.storyboard;
			sourceTree = "<group>";
		};
/* End PBXVariantGroup section */

/* Begin XCBuildConfiguration section */
		110F5A6027A908CF00965C5E /* Debug */ = {
			isa = XCBuildConfiguration;
			buildSettings = {
				ALWAYS_SEARCH_USER_PATHS = NO;
				CLANG_ANALYZER_NONNULL = YES;
				CLANG_ANALYZER_NUMBER_OBJECT_CONVERSION = YES_AGGRESSIVE;
				CLANG_CXX_LANGUAGE_STANDARD = "gnu++17";
				CLANG_CXX_LIBRARY = "libc++";
				CLANG_ENABLE_MODULES = YES;
				CLANG_ENABLE_OBJC_ARC = YES;
				CLANG_ENABLE_OBJC_WEAK = YES;
				CLANG_WARN_BLOCK_CAPTURE_AUTORELEASING = YES;
				CLANG_WARN_BOOL_CONVERSION = YES;
				CLANG_WARN_COMMA = YES;
				CLANG_WARN_CONSTANT_CONVERSION = YES;
				CLANG_WARN_DEPRECATED_OBJC_IMPLEMENTATIONS = YES;
				CLANG_WARN_DIRECT_OBJC_ISA_USAGE = YES_ERROR;
				CLANG_WARN_DOCUMENTATION_COMMENTS = YES;
				CLANG_WARN_EMPTY_BODY = YES;
				CLANG_WARN_ENUM_CONVERSION = YES;
				CLANG_WARN_INFINITE_RECURSION = YES;
				CLANG_WARN_INT_CONVERSION = YES;
				CLANG_WARN_NON_LITERAL_NULL_CONVERSION = YES;
				CLANG_WARN_OBJC_IMPLICIT_RETAIN_SELF = YES;
				CLANG_WARN_OBJC_LITERAL_CONVERSION = YES;
				CLANG_WARN_OBJC_ROOT_CLASS = YES_ERROR;
				CLANG_WARN_QUOTED_INCLUDE_IN_FRAMEWORK_HEADER = YES;
				CLANG_WARN_RANGE_LOOP_ANALYSIS = YES;
				CLANG_WARN_STRICT_PROTOTYPES = YES;
				CLANG_WARN_SUSPICIOUS_MOVE = YES;
				CLANG_WARN_UNGUARDED_AVAILABILITY = YES_AGGRESSIVE;
				CLANG_WARN_UNREACHABLE_CODE = YES;
				CLANG_WARN__DUPLICATE_METHOD_MATCH = YES;
				COPY_PHASE_STRIP = NO;
				DEBUG_INFORMATION_FORMAT = dwarf;
				ENABLE_STRICT_OBJC_MSGSEND = YES;
				ENABLE_TESTABILITY = YES;
				GCC_C_LANGUAGE_STANDARD = gnu11;
				GCC_DYNAMIC_NO_PIC = NO;
				GCC_NO_COMMON_BLOCKS = YES;
				GCC_OPTIMIZATION_LEVEL = 0;
				GCC_PREPROCESSOR_DEFINITIONS = (
					"DEBUG=1",
					"$(inherited)",
				);
				GCC_WARN_64_TO_32_BIT_CONVERSION = YES;
				GCC_WARN_ABOUT_RETURN_TYPE = YES_ERROR;
				GCC_WARN_UNDECLARED_SELECTOR = YES;
				GCC_WARN_UNINITIALIZED_AUTOS = YES_AGGRESSIVE;
				GCC_WARN_UNUSED_FUNCTION = YES;
				GCC_WARN_UNUSED_VARIABLE = YES;
				IPHONEOS_DEPLOYMENT_TARGET = 15.2;
				MTL_ENABLE_DEBUG_INFO = INCLUDE_SOURCE;
				MTL_FAST_MATH = YES;
				ONLY_ACTIVE_ARCH = YES;
				SDKROOT = iphoneos;
				SWIFT_ACTIVE_COMPILATION_CONDITIONS = DEBUG;
				SWIFT_OPTIMIZATION_LEVEL = "-Onone";
			};
			name = Debug;
		};
		110F5A6127A908CF00965C5E /* Release */ = {
			isa = XCBuildConfiguration;
			buildSettings = {
				ALWAYS_SEARCH_USER_PATHS = NO;
				CLANG_ANALYZER_NONNULL = YES;
				CLANG_ANALYZER_NUMBER_OBJECT_CONVERSION = YES_AGGRESSIVE;
				CLANG_CXX_LANGUAGE_STANDARD = "gnu++17";
				CLANG_CXX_LIBRARY = "libc++";
				CLANG_ENABLE_MODULES = YES;
				CLANG_ENABLE_OBJC_ARC = YES;
				CLANG_ENABLE_OBJC_WEAK = YES;
				CLANG_WARN_BLOCK_CAPTURE_AUTORELEASING = YES;
				CLANG_WARN_BOOL_CONVERSION = YES;
				CLANG_WARN_COMMA = YES;
				CLANG_WARN_CONSTANT_CONVERSION = YES;
				CLANG_WARN_DEPRECATED_OBJC_IMPLEMENTATIONS = YES;
				CLANG_WARN_DIRECT_OBJC_ISA_USAGE = YES_ERROR;
				CLANG_WARN_DOCUMENTATION_COMMENTS = YES;
				CLANG_WARN_EMPTY_BODY = YES;
				CLANG_WARN_ENUM_CONVERSION = YES;
				CLANG_WARN_INFINITE_RECURSION = YES;
				CLANG_WARN_INT_CONVERSION = YES;
				CLANG_WARN_NON_LITERAL_NULL_CONVERSION = YES;
				CLANG_WARN_OBJC_IMPLICIT_RETAIN_SELF = YES;
				CLANG_WARN_OBJC_LITERAL_CONVERSION = YES;
				CLANG_WARN_OBJC_ROOT_CLASS = YES_ERROR;
				CLANG_WARN_QUOTED_INCLUDE_IN_FRAMEWORK_HEADER = YES;
				CLANG_WARN_RANGE_LOOP_ANALYSIS = YES;
				CLANG_WARN_STRICT_PROTOTYPES = YES;
				CLANG_WARN_SUSPICIOUS_MOVE = YES;
				CLANG_WARN_UNGUARDED_AVAILABILITY = YES_AGGRESSIVE;
				CLANG_WARN_UNREACHABLE_CODE = YES;
				CLANG_WARN__DUPLICATE_METHOD_MATCH = YES;
				COPY_PHASE_STRIP = NO;
				DEBUG_INFORMATION_FORMAT = "dwarf-with-dsym";
				ENABLE_NS_ASSERTIONS = NO;
				ENABLE_STRICT_OBJC_MSGSEND = YES;
				GCC_C_LANGUAGE_STANDARD = gnu11;
				GCC_NO_COMMON_BLOCKS = YES;
				GCC_WARN_64_TO_32_BIT_CONVERSION = YES;
				GCC_WARN_ABOUT_RETURN_TYPE = YES_ERROR;
				GCC_WARN_UNDECLARED_SELECTOR = YES;
				GCC_WARN_UNINITIALIZED_AUTOS = YES_AGGRESSIVE;
				GCC_WARN_UNUSED_FUNCTION = YES;
				GCC_WARN_UNUSED_VARIABLE = YES;
				IPHONEOS_DEPLOYMENT_TARGET = 15.2;
				MTL_ENABLE_DEBUG_INFO = NO;
				MTL_FAST_MATH = YES;
				SDKROOT = iphoneos;
				SWIFT_COMPILATION_MODE = wholemodule;
				SWIFT_OPTIMIZATION_LEVEL = "-O";
				VALIDATE_PRODUCT = YES;
			};
			name = Release;
		};
		110F5A6327A908CF00965C5E /* Debug */ = {
			isa = XCBuildConfiguration;
			buildSettings = {
				ASSETCATALOG_COMPILER_APPICON_NAME = AppIcon;
				ASSETCATALOG_COMPILER_GLOBAL_ACCENT_COLOR_NAME = AccentColor;
				CODE_SIGN_STYLE = Automatic;
				CURRENT_PROJECT_VERSION = 1;
				DEVELOPMENT_TEAM = 9F49W83KP5;
				GENERATE_INFOPLIST_FILE = YES;
				INFOPLIST_FILE = "Xylophone In Swift/Info.plist";
				INFOPLIST_KEY_UIApplicationSupportsIndirectInputEvents = YES;
				INFOPLIST_KEY_UILaunchStoryboardName = LaunchScreen;
				INFOPLIST_KEY_UIMainStoryboardFile = Main;
				INFOPLIST_KEY_UISupportedInterfaceOrientations_iPad = "UIInterfaceOrientationPortrait UIInterfaceOrientationPortraitUpsideDown UIInterfaceOrientationLandscapeLeft UIInterfaceOrientationLandscapeRight";
				INFOPLIST_KEY_UISupportedInterfaceOrientations_iPhone = "UIInterfaceOrientationPortrait UIInterfaceOrientationLandscapeLeft UIInterfaceOrientationLandscapeRight";
				LD_RUNPATH_SEARCH_PATHS = (
					"$(inherited)",
					"@executable_path/Frameworks",
				);
				MARKETING_VERSION = 1.0;
				PRODUCT_BUNDLE_IDENTIFIER = "com.mobodevstuff.Xylophone-In-Swift";
				PRODUCT_NAME = "$(TARGET_NAME)";
				SWIFT_EMIT_LOC_STRINGS = YES;
				SWIFT_VERSION = 5.0;
				TARGETED_DEVICE_FAMILY = "1,2";
			};
			name = Debug;
		};
		110F5A6427A908CF00965C5E /* Release */ = {
			isa = XCBuildConfiguration;
			buildSettings = {
				ASSETCATALOG_COMPILER_APPICON_NAME = AppIcon;
				ASSETCATALOG_COMPILER_GLOBAL_ACCENT_COLOR_NAME = AccentColor;
				CODE_SIGN_STYLE = Automatic;
				CURRENT_PROJECT_VERSION = 1;
				DEVELOPMENT_TEAM = 9F49W83KP5;
				GENERATE_INFOPLIST_FILE = YES;
				INFOPLIST_FILE = "Xylophone In Swift/Info.plist";
				INFOPLIST_KEY_UIApplicationSupportsIndirectInputEvents = YES;
				INFOPLIST_KEY_UILaunchStoryboardName = LaunchScreen;
				INFOPLIST_KEY_UIMainStoryboardFile = Main;
				INFOPLIST_KEY_UISupportedInterfaceOrientations_iPad = "UIInterfaceOrientationPortrait UIInterfaceOrientationPortraitUpsideDown UIInterfaceOrientationLandscapeLeft UIInterfaceOrientationLandscapeRight";
				INFOPLIST_KEY_UISupportedInterfaceOrientations_iPhone = "UIInterfaceOrientationPortrait UIInterfaceOrientationLandscapeLeft UIInterfaceOrientationLandscapeRight";
				LD_RUNPATH_SEARCH_PATHS = (
					"$(inherited)",
					"@executable_path/Frameworks",
				);
				MARKETING_VERSION = 1.0;
				PRODUCT_BUNDLE_IDENTIFIER = "com.mobodevstuff.Xylophone-In-Swift";
				PRODUCT_NAME = "$(TARGET_NAME)";
				SWIFT_EMIT_LOC_STRINGS = YES;
				SWIFT_VERSION = 5.0;
				TARGETED_DEVICE_FAMILY = "1,2";
			};
			name = Release;
		};
/* End XCBuildConfiguration section */

/* Begin XCConfigurationList section */
		110F5A4927A908CD00965C5E /* Build configuration list for PBXProject "Xylophone In Swift" */ = {
			isa = XCConfigurationList;
			buildConfigurations = (
				110F5A6027A908CF00965C5E /* Debug */,
				110F5A6127A908CF00965C5E /* Release */,
			);
			defaultConfigurationIsVisible = 0;
			defaultConfigurationName = Release;
		};
		110F5A6227A908CF00965C5E /* Build configuration list for PBXNativeTarget "Xylophone In Swift" */ = {
			isa = XCConfigurationList;
			buildConfigurations = (
				110F5A6327A908CF00965C5E /* Debug */,
				110F5A6427A908CF00965C5E /* Release */,
			);
			defaultConfigurationIsVisible = 0;
			defaultConfigurationName = Release;
		};
/* End XCConfigurationList section */
	};
	rootObject = 110F5A4627A908CD00965C5E /* Project object */;
}
